
Microsoft Visual Studio Solution File, Format Version 12.00
# Visual Studio Version 17
VisualStudioVersion = 17.3.32811.315
MinimumVisualStudioVersion = 10.0.40219.1
Project("{FAE04EC0-301F-11D3-BF4B-00C04F79EFBC}") = "PuYuan", "PuYuan\PuYuan.csproj", "{4559F4A7-43EC-4973-90DD-922043481D79}"
EndProject
Global
	GlobalSection(SolutionConfigurationPlatforms) = preSolution
		Debug|Any CPU = Debug|Any CPU
		Release|Any CPU = Release|Any CPU
	EndGlobalSection
	GlobalSection(ProjectConfigurationPlatforms) = postSolution
		{4559F4A7-43EC-4973-90DD-922043481D79}.Debug|Any CPU.ActiveCfg = Debug|Any CPU
		{4559F4A7-43EC-4973-90DD-922043481D79}.Debug|Any CPU.Build.0 = Debug|Any CPU
		{4559F4A7-43EC-4973-90DD-922043481D79}.Release|Any CPU.ActiveCfg = Release|Any CPU
		{4559F4A7-43EC-4973-90DD-922043481D79}.Release|Any CPU.Build.0 = Release|Any CPU
	EndGlobalSection
	GlobalSection(SolutionProperties) = preSolution
		HideSolutionNode = FALSE
	EndGlobalSection
	GlobalSection(ExtensibilityGlobals) = postSolution
		SolutionGuid = {EABA80AB-6FBA-49ED-A9AE-C5A8704F0613}
	EndGlobalSection
EndGlobal
